// !$*UTF8*$!
{
	archiveVersion = 1;
	classes = {
	};
	objectVersion = 46;
	objects = {

/* Begin PBXBuildFile section */
		6702CC241311876000470BA8 /* Foundation.framework in Frameworks */ = {isa = PBXBuildFile; fileRef = 67EA58A71308B31D00D9D5CD /* Foundation.framework */; };
		6702CC271311876000470BA8 /* main.m in Sources */ = {isa = PBXBuildFile; fileRef = 6702CC261311876000470BA8 /* main.m */; };
		6702CC2F131187C400470BA8 /* XcodeProjectParser.m in Sources */ = {isa = PBXBuildFile; fileRef = 67BF85C013104B4B0004228D /* XcodeProjectParser.m */; };
		6702CC31131187FF00470BA8 /* DDCliApplication.m in Sources */ = {isa = PBXBuildFile; fileRef = 67BF85B013104A450004228D /* DDCliApplication.m */; };
		6702CC33131187FF00470BA8 /* DDCliParseException.m in Sources */ = {isa = PBXBuildFile; fileRef = 67BF85B213104A450004228D /* DDCliParseException.m */; };
		6702CC35131187FF00470BA8 /* DDCliUtil.m in Sources */ = {isa = PBXBuildFile; fileRef = 67BF85B413104A450004228D /* DDCliUtil.m */; };
		6702CC38131187FF00470BA8 /* DDGetoptLongParser.m in Sources */ = {isa = PBXBuildFile; fileRef = 67BF85B713104A450004228D /* DDGetoptLongParser.m */; };
		6702CC3B131188CB00470BA8 /* XcodeProjectAnalyzerApp.m in Sources */ = {isa = PBXBuildFile; fileRef = 6702CC3A131188CB00470BA8 /* XcodeProjectAnalyzerApp.m */; };
		67BF85B813104A450004228D /* DDCliApplication.m in Sources */ = {isa = PBXBuildFile; fileRef = 67BF85B013104A450004228D /* DDCliApplication.m */; };
		67BF85B913104A450004228D /* DDCliParseException.m in Sources */ = {isa = PBXBuildFile; fileRef = 67BF85B213104A450004228D /* DDCliParseException.m */; };
		67BF85BA13104A450004228D /* DDCliUtil.m in Sources */ = {isa = PBXBuildFile; fileRef = 67BF85B413104A450004228D /* DDCliUtil.m */; };
		67BF85BB13104A450004228D /* DDGetoptLongParser.m in Sources */ = {isa = PBXBuildFile; fileRef = 67BF85B713104A450004228D /* DDGetoptLongParser.m */; };
		67BF85C613104D8C0004228D /* XcodeProjectTestMain.m in Sources */ = {isa = PBXBuildFile; fileRef = 67BF85C313104D8C0004228D /* XcodeProjectTestMain.m */; };
		67BF85C713104D8C0004228D /* XcodeProjectTestApp.m in Sources */ = {isa = PBXBuildFile; fileRef = 67BF85C513104D8C0004228D /* XcodeProjectTestApp.m */; };
		67EA58A81308B31D00D9D5CD /* Foundation.framework in Frameworks */ = {isa = PBXBuildFile; fileRef = 67EA58A71308B31D00D9D5CD /* Foundation.framework */; };
		67EA58B81308B33300D9D5CD /* XCObject.m in Sources */ = {isa = PBXBuildFile; fileRef = 67EA58B51308B33300D9D5CD /* XCObject.m */; };
		67EA58B91308B33300D9D5CD /* XcodeProject.m in Sources */ = {isa = PBXBuildFile; fileRef = 67EA58B71308B33300D9D5CD /* XcodeProject.m */; };
/* End PBXBuildFile section */

/* Begin PBXCopyFilesBuildPhase section */
		6702CC201311875F00470BA8 /* CopyFiles */ = {
			isa = PBXCopyFilesBuildPhase;
			buildActionMask = 2147483647;
			dstPath = /usr/share/man/man1/;
			dstSubfolderSpec = 0;
			files = (
			);
			runOnlyForDeploymentPostprocessing = 1;
		};
		67EA58A11308B31D00D9D5CD /* CopyFiles */ = {
			isa = PBXCopyFilesBuildPhase;
			buildActionMask = 2147483647;
			dstPath = /usr/share/man/man1/;
			dstSubfolderSpec = 0;
			files = (
			);
			runOnlyForDeploymentPostprocessing = 1;
		};
/* End PBXCopyFilesBuildPhase section */

/* Begin PBXFileReference section */
		6702CC221311875F00470BA8 /* xcodeprojanalyzer */ = {isa = PBXFileReference; explicitFileType = "compiled.mach-o.executable"; includeInIndex = 0; path = xcodeprojanalyzer; sourceTree = BUILT_PRODUCTS_DIR; };
		6702CC261311876000470BA8 /* main.m */ = {isa = PBXFileReference; lastKnownFileType = sourcecode.c.objc; path = main.m; sourceTree = "<group>"; };
		6702CC291311876000470BA8 /* xcodeprojanalyzer-Prefix.pch */ = {isa = PBXFileReference; lastKnownFileType = sourcecode.c.h; path = "xcodeprojanalyzer-Prefix.pch"; sourceTree = "<group>"; };
		6702CC2A1311876000470BA8 /* xcodeprojanalyzer.1 */ = {isa = PBXFileReference; lastKnownFileType = text.man; path = xcodeprojanalyzer.1; sourceTree = "<group>"; };
		6702CC39131188CB00470BA8 /* XcodeProjectAnalyzerApp.h */ = {isa = PBXFileReference; fileEncoding = 4; lastKnownFileType = sourcecode.c.h; path = XcodeProjectAnalyzerApp.h; sourceTree = "<group>"; };
		6702CC3A131188CB00470BA8 /* XcodeProjectAnalyzerApp.m */ = {isa = PBXFileReference; fileEncoding = 4; lastKnownFileType = sourcecode.c.objc; path = XcodeProjectAnalyzerApp.m; sourceTree = "<group>"; };
		67BF85AF13104A450004228D /* DDCliApplication.h */ = {isa = PBXFileReference; fileEncoding = 4; lastKnownFileType = sourcecode.c.h; path = DDCliApplication.h; sourceTree = "<group>"; };
		67BF85B013104A450004228D /* DDCliApplication.m */ = {isa = PBXFileReference; fileEncoding = 4; lastKnownFileType = sourcecode.c.objc; path = DDCliApplication.m; sourceTree = "<group>"; };
		67BF85B113104A450004228D /* DDCliParseException.h */ = {isa = PBXFileReference; fileEncoding = 4; lastKnownFileType = sourcecode.c.h; path = DDCliParseException.h; sourceTree = "<group>"; };
		67BF85B213104A450004228D /* DDCliParseException.m */ = {isa = PBXFileReference; fileEncoding = 4; lastKnownFileType = sourcecode.c.objc; path = DDCliParseException.m; sourceTree = "<group>"; };
		67BF85B313104A450004228D /* DDCliUtil.h */ = {isa = PBXFileReference; fileEncoding = 4; lastKnownFileType = sourcecode.c.h; path = DDCliUtil.h; sourceTree = "<group>"; };
		67BF85B413104A450004228D /* DDCliUtil.m */ = {isa = PBXFileReference; fileEncoding = 4; lastKnownFileType = sourcecode.c.objc; path = DDCliUtil.m; sourceTree = "<group>"; };
		67BF85B513104A450004228D /* DDCommandLineInterface.h */ = {isa = PBXFileReference; fileEncoding = 4; lastKnownFileType = sourcecode.c.h; path = DDCommandLineInterface.h; sourceTree = "<group>"; };
		67BF85B613104A450004228D /* DDGetoptLongParser.h */ = {isa = PBXFileReference; fileEncoding = 4; lastKnownFileType = sourcecode.c.h; path = DDGetoptLongParser.h; sourceTree = "<group>"; };
		67BF85B713104A450004228D /* DDGetoptLongParser.m */ = {isa = PBXFileReference; fileEncoding = 4; lastKnownFileType = sourcecode.c.objc; path = DDGetoptLongParser.m; sourceTree = "<group>"; };
		67BF85BD13104B4B0004228D /* XcodeProjectFileParserBuilder.h */ = {isa = PBXFileReference; fileEncoding = 4; lastKnownFileType = sourcecode.c.h; path = XcodeProjectFileParserBuilder.h; sourceTree = "<group>"; };
		67BF85BE13104B4B0004228D /* XcodeProjectFileParserBuilder.m */ = {isa = PBXFileReference; fileEncoding = 4; lastKnownFileType = sourcecode.c.objc; path = XcodeProjectFileParserBuilder.m; sourceTree = "<group>"; };
		67BF85BF13104B4B0004228D /* XcodeProjectParser.h */ = {isa = PBXFileReference; fileEncoding = 4; lastKnownFileType = sourcecode.c.h; name = XcodeProjectParser.h; path = ../XcodeReader/XcodeProjectParser.h; sourceTree = "<group>"; };
		67BF85C013104B4B0004228D /* XcodeProjectParser.m */ = {isa = PBXFileReference; fileEncoding = 4; lastKnownFileType = sourcecode.c.objc; name = XcodeProjectParser.m; path = ../XcodeReader/XcodeProjectParser.m; sourceTree = "<group>"; };
		67BF85C313104D8C0004228D /* XcodeProjectTestMain.m */ = {isa = PBXFileReference; fileEncoding = 4; lastKnownFileType = sourcecode.c.objc; path = XcodeProjectTestMain.m; sourceTree = "<group>"; };
		67BF85C413104D8C0004228D /* XcodeProjectTestApp.h */ = {isa = PBXFileReference; fileEncoding = 4; lastKnownFileType = sourcecode.c.h; path = XcodeProjectTestApp.h; sourceTree = "<group>"; };
		67BF85C513104D8C0004228D /* XcodeProjectTestApp.m */ = {isa = PBXFileReference; fileEncoding = 4; lastKnownFileType = sourcecode.c.objc; path = XcodeProjectTestApp.m; sourceTree = "<group>"; };
		67EA58A31308B31D00D9D5CD /* XcodeReaderTest */ = {isa = PBXFileReference; explicitFileType = "compiled.mach-o.executable"; includeInIndex = 0; path = XcodeReaderTest; sourceTree = BUILT_PRODUCTS_DIR; };
		67EA58A71308B31D00D9D5CD /* Foundation.framework */ = {isa = PBXFileReference; lastKnownFileType = wrapper.framework; name = Foundation.framework; path = System/Library/Frameworks/Foundation.framework; sourceTree = SDKROOT; };
		67EA58AD1308B31D00D9D5CD /* XcodeReader-Prefix.pch */ = {isa = PBXFileReference; lastKnownFileType = sourcecode.c.h; path = "XcodeReader-Prefix.pch"; sourceTree = "<group>"; };
		67EA58AE1308B31D00D9D5CD /* XcodeReader.1 */ = {isa = PBXFileReference; lastKnownFileType = text.man; path = XcodeReader.1; sourceTree = "<group>"; };
		67EA58B41308B33300D9D5CD /* XCObject.h */ = {isa = PBXFileReference; fileEncoding = 4; lastKnownFileType = sourcecode.c.h; path = XCObject.h; sourceTree = "<group>"; };
		67EA58B51308B33300D9D5CD /* XCObject.m */ = {isa = PBXFileReference; fileEncoding = 4; lastKnownFileType = sourcecode.c.objc; path = XCObject.m; sourceTree = "<group>"; };
		67EA58B61308B33300D9D5CD /* XcodeProject.h */ = {isa = PBXFileReference; fileEncoding = 4; lastKnownFileType = sourcecode.c.h; path = XcodeProject.h; sourceTree = "<group>"; };
		67EA58B71308B33300D9D5CD /* XcodeProject.m */ = {isa = PBXFileReference; fileEncoding = 4; lastKnownFileType = sourcecode.c.objc; path = XcodeProject.m; sourceTree = "<group>"; };
/* End PBXFileReference section */

/* Begin PBXFrameworksBuildPhase section */
		6702CC1F1311875F00470BA8 /* Frameworks */ = {
			isa = PBXFrameworksBuildPhase;
			buildActionMask = 2147483647;
			files = (
				6702CC241311876000470BA8 /* Foundation.framework in Frameworks */,
			);
			runOnlyForDeploymentPostprocessing = 0;
		};
		67EA58A01308B31D00D9D5CD /* Frameworks */ = {
			isa = PBXFrameworksBuildPhase;
			buildActionMask = 2147483647;
			files = (
				67EA58A81308B31D00D9D5CD /* Foundation.framework in Frameworks */,
			);
			runOnlyForDeploymentPostprocessing = 0;
		};
/* End PBXFrameworksBuildPhase section */

/* Begin PBXGroup section */
		6702CC191310537100470BA8 /* Xcode Project File Data */ = {
			isa = PBXGroup;
			children = (
				67EA58B41308B33300D9D5CD /* XCObject.h */,
				67EA58B51308B33300D9D5CD /* XCObject.m */,
				67EA58B61308B33300D9D5CD /* XcodeProject.h */,
				67EA58B71308B33300D9D5CD /* XcodeProject.m */,
			);
			name = "Xcode Project File Data";
			sourceTree = "<group>";
		};
		6702CC1B1310539600470BA8 /* Xcode Project File Parser Builder */ = {
			isa = PBXGroup;
			children = (
				67BF85BD13104B4B0004228D /* XcodeProjectFileParserBuilder.h */,
				67BF85BE13104B4B0004228D /* XcodeProjectFileParserBuilder.m */,
			);
			name = "Xcode Project File Parser Builder";
			sourceTree = "<group>";
		};
		6702CC1C131053B400470BA8 /* Example Parser Use */ = {
			isa = PBXGroup;
			children = (
				67BF85C413104D8C0004228D /* XcodeProjectTestApp.h */,
				67BF85C513104D8C0004228D /* XcodeProjectTestApp.m */,
				67BF85C313104D8C0004228D /* XcodeProjectTestMain.m */,
			);
			name = "Example Parser Use";
			sourceTree = "<group>";
		};
		6702CC1D131053F200470BA8 /* Meta */ = {
			isa = PBXGroup;
			children = (
				6702CC1B1310539600470BA8 /* Xcode Project File Parser Builder */,
			);
			name = Meta;
			sourceTree = "<group>";
		};
		6702CC251311876000470BA8 /* xcodeprojanalyzer */ = {
			isa = PBXGroup;
			children = (
				6702CC281311876000470BA8 /* Supporting Files */,
				67BF85BF13104B4B0004228D /* XcodeProjectParser.h */,
				67BF85C013104B4B0004228D /* XcodeProjectParser.m */,
				6702CC39131188CB00470BA8 /* XcodeProjectAnalyzerApp.h */,
				6702CC3A131188CB00470BA8 /* XcodeProjectAnalyzerApp.m */,
			);
			path = xcodeprojanalyzer;
			sourceTree = "<group>";
		};
		6702CC281311876000470BA8 /* Supporting Files */ = {
			isa = PBXGroup;
			children = (
				6702CC261311876000470BA8 /* main.m */,
				6702CC2A1311876000470BA8 /* xcodeprojanalyzer.1 */,
				6702CC291311876000470BA8 /* xcodeprojanalyzer-Prefix.pch */,
			);
			name = "Supporting Files";
			sourceTree = "<group>";
		};
		67BF85AE13104A450004228D /* ddcli */ = {
			isa = PBXGroup;
			children = (
				67BF85AF13104A450004228D /* DDCliApplication.h */,
				67BF85B013104A450004228D /* DDCliApplication.m */,
				67BF85B113104A450004228D /* DDCliParseException.h */,
				67BF85B213104A450004228D /* DDCliParseException.m */,
				67BF85B313104A450004228D /* DDCliUtil.h */,
				67BF85B413104A450004228D /* DDCliUtil.m */,
				67BF85B513104A450004228D /* DDCommandLineInterface.h */,
				67BF85B613104A450004228D /* DDGetoptLongParser.h */,
				67BF85B713104A450004228D /* DDGetoptLongParser.m */,
			);
			name = ddcli;
			path = lib;
			sourceTree = "<group>";
		};
		67EA58981308B31D00D9D5CD = {
			isa = PBXGroup;
			children = (
				67EA58A91308B31D00D9D5CD /* XcodeReader */,
				6702CC251311876000470BA8 /* xcodeprojanalyzer */,
				67EA58A61308B31D00D9D5CD /* Frameworks */,
				67EA58A41308B31D00D9D5CD /* Products */,
			);
			sourceTree = "<group>";
		};
		67EA58A41308B31D00D9D5CD /* Products */ = {
			isa = PBXGroup;
			children = (
				67EA58A31308B31D00D9D5CD /* XcodeReaderTest */,
				6702CC221311875F00470BA8 /* xcodeprojanalyzer */,
			);
			name = Products;
			sourceTree = "<group>";
		};
		67EA58A61308B31D00D9D5CD /* Frameworks */ = {
			isa = PBXGroup;
			children = (
				67EA58A71308B31D00D9D5CD /* Foundation.framework */,
			);
			name = Frameworks;
			sourceTree = "<group>";
		};
		67EA58A91308B31D00D9D5CD /* XcodeReader */ = {
			isa = PBXGroup;
			children = (
				6702CC1D131053F200470BA8 /* Meta */,
				6702CC191310537100470BA8 /* Xcode Project File Data */,
				6702CC1C131053B400470BA8 /* Example Parser Use */,
				67EA58AE1308B31D00D9D5CD /* XcodeReader.1 */,
				67EA58AC1308B31D00D9D5CD /* Supporting Files */,
			);
			path = XcodeReader;
			sourceTree = "<group>";
		};
		67EA58AC1308B31D00D9D5CD /* Supporting Files */ = {
			isa = PBXGroup;
			children = (
				67BF85AE13104A450004228D /* ddcli */,
				67EA58AD1308B31D00D9D5CD /* XcodeReader-Prefix.pch */,
			);
			name = "Supporting Files";
			sourceTree = "<group>";
		};
/* End PBXGroup section */

/* Begin PBXNativeTarget section */
		6702CC211311875F00470BA8 /* xcodeprojanalyzer */ = {
			isa = PBXNativeTarget;
			buildConfigurationList = 6702CC2B1311876000470BA8 /* Build configuration list for PBXNativeTarget "xcodeprojanalyzer" */;
			buildPhases = (
				6702CC1E1311875F00470BA8 /* Sources */,
				6702CC1F1311875F00470BA8 /* Frameworks */,
				6702CC201311875F00470BA8 /* CopyFiles */,
			);
			buildRules = (
			);
			dependencies = (
			);
			name = xcodeprojanalyzer;
			productName = xcodeprojanalyzer;
			productReference = 6702CC221311875F00470BA8 /* xcodeprojanalyzer */;
			productType = "com.apple.product-type.tool";
		};
		67EA58A21308B31D00D9D5CD /* XcodeReaderTest */ = {
			isa = PBXNativeTarget;
			buildConfigurationList = 67EA58B11308B31D00D9D5CD /* Build configuration list for PBXNativeTarget "XcodeReaderTest" */;
			buildPhases = (
				67EA589F1308B31D00D9D5CD /* Sources */,
				67EA58A01308B31D00D9D5CD /* Frameworks */,
				67EA58A11308B31D00D9D5CD /* CopyFiles */,
			);
			buildRules = (
			);
			dependencies = (
			);
			name = XcodeReaderTest;
			productName = XcodeReader;
			productReference = 67EA58A31308B31D00D9D5CD /* XcodeReaderTest */;
			productType = "com.apple.product-type.tool";
		};
/* End PBXNativeTarget section */

/* Begin PBXProject section */
		67EA589A1308B31D00D9D5CD /* Project object */ = {
			isa = PBXProject;
			buildConfigurationList = 67EA589D1308B31D00D9D5CD /* Build configuration list for PBXProject "XcodeReader" */;
			compatibilityVersion = "Xcode 3.2";
			developmentRegion = English;
			hasScannedForEncodings = 0;
			knownRegions = (
				en,
			);
			mainGroup = 67EA58981308B31D00D9D5CD;
			productRefGroup = 67EA58A41308B31D00D9D5CD /* Products */;
			projectDirPath = "";
			projectRoot = "";
			targets = (
				67EA58A21308B31D00D9D5CD /* XcodeReaderTest */,
				6702CC211311875F00470BA8 /* xcodeprojanalyzer */,
			);
		};
/* End PBXProject section */

/* Begin PBXSourcesBuildPhase section */
		6702CC1E1311875F00470BA8 /* Sources */ = {
			isa = PBXSourcesBuildPhase;
			buildActionMask = 2147483647;
			files = (
				6702CC31131187FF00470BA8 /* DDCliApplication.m in Sources */,
				6702CC33131187FF00470BA8 /* DDCliParseException.m in Sources */,
				6702CC35131187FF00470BA8 /* DDCliUtil.m in Sources */,
				6702CC38131187FF00470BA8 /* DDGetoptLongParser.m in Sources */,
				6702CC2F131187C400470BA8 /* XcodeProjectParser.m in Sources */,
				6702CC271311876000470BA8 /* main.m in Sources */,
				6702CC3B131188CB00470BA8 /* XcodeProjectAnalyzerApp.m in Sources */,
			);
			runOnlyForDeploymentPostprocessing = 0;
		};
		67EA589F1308B31D00D9D5CD /* Sources */ = {
			isa = PBXSourcesBuildPhase;
			buildActionMask = 2147483647;
			files = (
				67EA58B81308B33300D9D5CD /* XCObject.m in Sources */,
				67EA58B91308B33300D9D5CD /* XcodeProject.m in Sources */,
				67BF85B813104A450004228D /* DDCliApplication.m in Sources */,
				67BF85B913104A450004228D /* DDCliParseException.m in Sources */,
				67BF85BA13104A450004228D /* DDCliUtil.m in Sources */,
				67BF85BB13104A450004228D /* DDGetoptLongParser.m in Sources */,
				67BF85C613104D8C0004228D /* XcodeProjectTestMain.m in Sources */,
				67BF85C713104D8C0004228D /* XcodeProjectTestApp.m in Sources */,
			);
			runOnlyForDeploymentPostprocessing = 0;
		};
/* End PBXSourcesBuildPhase section */

/* Begin XCBuildConfiguration section */
		6702CC2C1311876000470BA8 /* Debug */ = {
			isa = XCBuildConfiguration;
			buildSettings = {
				ALWAYS_SEARCH_USER_PATHS = NO;
				COPY_PHASE_STRIP = NO;
				GCC_DYNAMIC_NO_PIC = NO;
				GCC_ENABLE_OBJC_EXCEPTIONS = YES;
				GCC_PRECOMPILE_PREFIX_HEADER = YES;
				GCC_PREFIX_HEADER = "xcodeprojanalyzer/xcodeprojanalyzer-Prefix.pch";
				PRODUCT_NAME = "$(TARGET_NAME)";
			};
			name = Debug;
		};
		6702CC2D1311876000470BA8 /* Release */ = {
			isa = XCBuildConfiguration;
			buildSettings = {
				ALWAYS_SEARCH_USER_PATHS = NO;
				COPY_PHASE_STRIP = YES;
				DEBUG_INFORMATION_FORMAT = "dwarf-with-dsym";
				GCC_ENABLE_OBJC_EXCEPTIONS = YES;
				GCC_PRECOMPILE_PREFIX_HEADER = YES;
				GCC_PREFIX_HEADER = "xcodeprojanalyzer/xcodeprojanalyzer-Prefix.pch";
				PRODUCT_NAME = "$(TARGET_NAME)";
			};
			name = Release;
		};
		67EA58AF1308B31D00D9D5CD /* Debug */ = {
			isa = XCBuildConfiguration;
			buildSettings = {
				ARCHS = "$(ARCHS_STANDARD_32_64_BIT)";
				GCC_C_LANGUAGE_STANDARD = gnu99;
				GCC_OPTIMIZATION_LEVEL = 0;
				GCC_PREPROCESSOR_DEFINITIONS = DEBUG;
				GCC_TREAT_WARNINGS_AS_ERRORS = YES;
				GCC_VERSION = com.apple.compilers.llvm.clang.1_0;
				GCC_WARN_64_TO_32_BIT_CONVERSION = YES;
				GCC_WARN_ABOUT_RETURN_TYPE = YES;
				GCC_WARN_UNUSED_VARIABLE = YES;
				MACOSX_DEPLOYMENT_TARGET = 10.6;
				ONLY_ACTIVE_ARCH = YES;
				SDKROOT = macosx;
			};
			name = Debug;
		};
		67EA58B01308B31D00D9D5CD /* Release */ = {
			isa = XCBuildConfiguration;
			buildSettings = {
				ARCHS = "$(ARCHS_STANDARD_32_64_BIT)";
				GCC_C_LANGUAGE_STANDARD = gnu99;
				GCC_TREAT_WARNINGS_AS_ERRORS = YES;
				GCC_VERSION = com.apple.compilers.llvm.clang.1_0;
				GCC_WARN_64_TO_32_BIT_CONVERSION = YES;
				GCC_WARN_ABOUT_RETURN_TYPE = YES;
				GCC_WARN_UNUSED_VARIABLE = YES;
				MACOSX_DEPLOYMENT_TARGET = 10.6;
				SDKROOT = macosx;
			};
			name = Release;
		};
		67EA58B21308B31D00D9D5CD /* Debug */ = {
			isa = XCBuildConfiguration;
			buildSettings = {
				ALWAYS_SEARCH_USER_PATHS = NO;
				COPY_PHASE_STRIP = NO;
				GCC_DYNAMIC_NO_PIC = NO;
				GCC_ENABLE_OBJC_EXCEPTIONS = YES;
				GCC_PRECOMPILE_PREFIX_HEADER = YES;
				GCC_PREFIX_HEADER = "XcodeReader/XcodeReader-Prefix.pch";
				PRODUCT_NAME = XcodeReaderTest;
			};
			name = Debug;
		};
		67EA58B31308B31D00D9D5CD /* Release */ = {
			isa = XCBuildConfiguration;
			buildSettings = {
				ALWAYS_SEARCH_USER_PATHS = NO;
				COPY_PHASE_STRIP = YES;
				DEBUG_INFORMATION_FORMAT = "dwarf-with-dsym";
				GCC_ENABLE_OBJC_EXCEPTIONS = YES;
				GCC_PRECOMPILE_PREFIX_HEADER = YES;
				GCC_PREFIX_HEADER = "XcodeReader/XcodeReader-Prefix.pch";
				PRODUCT_NAME = XcodeReaderTest;
			};
			name = Release;
		};
/* End XCBuildConfiguration section */

/* Begin XCConfigurationList section */
		6702CC2B1311876000470BA8 /* Build configuration list for PBXNativeTarget "xcodeprojanalyzer" */ = {
			isa = XCConfigurationList;
			buildConfigurations = (
				6702CC2C1311876000470BA8 /* Debug */,
				6702CC2D1311876000470BA8 /* Release */,
			);
			defaultConfigurationIsVisible = 0;
		};
		67EA589D1308B31D00D9D5CD /* Build configuration list for PBXProject "XcodeReader" */ = {
			isa = XCConfigurationList;
			buildConfigurations = (
				67EA58AF1308B31D00D9D5CD /* Debug */,
				67EA58B01308B31D00D9D5CD /* Release */,
			);
			defaultConfigurationIsVisible = 0;
			defaultConfigurationName = Release;
		};
		67EA58B11308B31D00D9D5CD /* Build configuration list for PBXNativeTarget "XcodeReaderTest" */ = {
			isa = XCConfigurationList;
			buildConfigurations = (
				67EA58B21308B31D00D9D5CD /* Debug */,
				67EA58B31308B31D00D9D5CD /* Release */,
			);
			defaultConfigurationIsVisible = 0;
			defaultConfigurationName = Release;
		};
/* End XCConfigurationList section */
	};
	rootObject = 67EA589A1308B31D00D9D5CD /* Project object */;
}
